
Microsoft Visual Studio Solution File, Format Version 12.00
Project("{FAE04EC0-301F-11D3-BF4B-00C04F79EFBC}") = "Lab2", "Lab2\Lab2.csproj", "{37F312CA-8AD4-422D-8929-CD552E717816}"
EndProject
Project("{FAE04EC0-301F-11D3-BF4B-00C04F79EFBC}") = "Lab1", "Lab1\Lab1.csproj", "{99B37C3A-9D3C-472A-B227-65029FCB51EF}"
EndProject
Project("{FAE04EC0-301F-11D3-BF4B-00C04F79EFBC}") = "Lab3", "Lab3\Lab3.csproj", "{3022F202-DA9F-4214-BE83-C50CD701086C}"
EndProject
Global
	GlobalSection(SolutionConfigurationPlatforms) = preSolution
		Debug|Any CPU = Debug|Any CPU
		Release|Any CPU = Release|Any CPU
	EndGlobalSection
	GlobalSection(ProjectConfigurationPlatforms) = postSolution
		{37F312CA-8AD4-422D-8929-CD552E717816}.Debug|Any CPU.ActiveCfg = Debug|Any CPU
		{37F312CA-8AD4-422D-8929-CD552E717816}.Debug|Any CPU.Build.0 = Debug|Any CPU
		{37F312CA-8AD4-422D-8929-CD552E717816}.Release|Any CPU.ActiveCfg = Release|Any CPU
		{37F312CA-8AD4-422D-8929-CD552E717816}.Release|Any CPU.Build.0 = Release|Any CPU
		{99B37C3A-9D3C-472A-B227-65029FCB51EF}.Debug|Any CPU.ActiveCfg = Debug|Any CPU
		{99B37C3A-9D3C-472A-B227-65029FCB51EF}.Debug|Any CPU.Build.0 = Debug|Any CPU
		{99B37C3A-9D3C-472A-B227-65029FCB51EF}.Release|Any CPU.ActiveCfg = Release|Any CPU
		{99B37C3A-9D3C-472A-B227-65029FCB51EF}.Release|Any CPU.Build.0 = Release|Any CPU
		{3022F202-DA9F-4214-BE83-C50CD701086C}.Debug|Any CPU.ActiveCfg = Debug|Any CPU
		{3022F202-DA9F-4214-BE83-C50CD701086C}.Debug|Any CPU.Build.0 = Debug|Any CPU
		{3022F202-DA9F-4214-BE83-C50CD701086C}.Release|Any CPU.ActiveCfg = Release|Any CPU
		{3022F202-DA9F-4214-BE83-C50CD701086C}.Release|Any CPU.Build.0 = Release|Any CPU
	EndGlobalSection
EndGlobal
